{
  "name": "frontend",
  "lockfileVersion": 3,
  "requires": true,
  "packages": {
    "": {
      "dependencies": {
        "lucide": "^0.417.0"
      }
    },
    "node_modules/lucide": {
      "version": "0.417.0",
      "resolved": "https://registry.npmjs.org/lucide/-/lucide-0.417.0.tgz",
      "integrity": "sha512-e1DZDz6n/P33I4dkbfdFFXotUh1LNTPqx1BxELYOUM0ZTSaXgLIfenrdhT8bZ2U5qFNafAjLIX8CphliDcnm1g==",
      "license": "ISC"
    }
  }
}
